<?xml version="1.0" encoding="utf-8"?>
<Project ToolsVersion="4.0" xmlns="http://schemas.microsoft.com/developer/msbuild/2003">
  <ItemGroup>
    <Filter Include="Source Files">
      <UniqueIdentifier>{4FC737F1-C7A5-4376-A066-2A32D752A2FF}</UniqueIdentifier>
      <Extensions>cpp;c;cc;cxx;def;odl;idl;hpj;bat;asm;asmx</Extensions>
    </Filter>
    <Filter Include="Header Files">
      <UniqueIdentifier>{93995380-89BD-4b04-88EB-625FBE52EBFB}</UniqueIdentifier>
      <Extensions>h;hh;hpp;hxx;hm;inl;inc;xsd</Extensions>
    </Filter>
    <Filter Include="Resource Files">
      <UniqueIdentifier>{67DA6AB6-F800-4c08-8B7A-83BB121AAD01}</UniqueIdentifier>
      <Extensions>rc;ico;cur;bmp;dlg;rc2;rct;bin;rgs;gif;jpg;jpeg;jpe;resx;tiff;tif;png;wav;mfcribbon-ms</Extensions>
    </Filter>
    <Filter Include="Header Files\enums">
      <UniqueIdentifier>{ab89a9cd-b4ad-42a4-b408-4a0bacf109e8}</UniqueIdentifier>
    </Filter>
    <Filter Include="Source Files\managers">
      <UniqueIdentifier>{2842fe38-ed30-4499-98d1-58cb9a32c79a}</UniqueIdentifier>
    </Filter>
    <Filter Include="Header Files\managers">
      <UniqueIdentifier>{05a04adf-067c-4fb1-9ea1-d51c53a2062f}</UniqueIdentifier>
    </Filter>
    <Filter Include="Source Files\services">
      <UniqueIdentifier>{60532a14-edf2-4a0d-81ca-bc63c8b984ca}</UniqueIdentifier>
    </Filter>
    <Filter Include="Header Files\services">
      <UniqueIdentifier>{b8fcc274-89b1-4324-9921-3d67fde370e1}</UniqueIdentifier>
    </Filter>
    <Filter Include="Source Files\screens">
      <UniqueIdentifier>{35e53d0a-1586-4731-b0a5-a9aa62a1d478}</UniqueIdentifier>
    </Filter>
    <Filter Include="Header Files\screens">
      <UniqueIdentifier>{62902431-c658-40ae-9445-c3b208dcd168}</UniqueIdentifier>
    </Filter>
    <Filter Include="Source Files\ui">
      <UniqueIdentifier>{98138c99-b20f-4595-bebe-492eb9a0f159}</UniqueIdentifier>
    </Filter>
    <Filter Include="Header Files\ui">
      <UniqueIdentifier>{a89f3fbc-8032-4222-913c-0f8a45c08892}</UniqueIdentifier>
    </Filter>
  </ItemGroup>
  <ItemGroup>
    <ClCompile Include="src\AbstractScreen.cpp">
      <Filter>Source Files\screens</Filter>
    </ClCompile>
    <ClCompile Include="src\controls.cpp">
      <Filter>Source Files</Filter>
    </ClCompile>
    <ClCompile Include="src\ControlService.cpp">
      <Filter>Source Files\services</Filter>
    </ClCompile>
    <ClCompile Include="src\FileService.cpp">
      <Filter>Source Files\services</Filter>
    </ClCompile>
    <ClCompile Include="src\game.cpp">
      <Filter>Source Files</Filter>
    </ClCompile>
    <ClCompile Include="src\GameplayScreen.cpp">
      <Filter>Source Files\screens</Filter>
    </ClCompile>
    <ClCompile Include="src\main.cpp">
      <Filter>Source Files</Filter>
    </ClCompile>
    <ClCompile Include="src\MainMenuScreen.cpp">
      <Filter>Source Files\screens</Filter>
    </ClCompile>
    <ClCompile Include="src\MenuTextButton.cpp">
      <Filter>Source Files\ui</Filter>
    </ClCompile>
    <ClCompile Include="src\Scene.cpp">
      <Filter>Source Files</Filter>
    </ClCompile>
    <ClCompile Include="src\ScenePart.cpp">
      <Filter>Source Files</Filter>
    </ClCompile>
    <ClCompile Include="src\ScreenService.cpp">
      <Filter>Source Files\services</Filter>
    </ClCompile>
    <ClCompile Include="src\SnakePart.cpp">
      <Filter>Source Files</Filter>
    </ClCompile>
    <ClCompile Include="src\TexturedRextangle.cpp">
      <Filter>Source Files</Filter>
    </ClCompile>
    <ClCompile Include="snake.cpp">
      <Filter>Source Files</Filter>
    </ClCompile>
    <ClCompile Include="snake_head.cpp">
      <Filter>Source Files</Filter>
    </ClCompile>
  </ItemGroup>
  <ItemGroup>
    <ClInclude Include="src\CameraStateEnum.h">
      <Filter>Header Files\enums</Filter>
    </ClInclude>
    <ClInclude Include="src\AbstractScreen.h">
      <Filter>Header Files\screens</Filter>
    </ClInclude>
    <ClInclude Include="src\CollisionEnum.h">
      <Filter>Header Files\enums</Filter>
    </ClInclude>
    <ClInclude Include="src\ControlService.h">
      <Filter>Header Files\services</Filter>
    </ClInclude>
    <ClInclude Include="src\FileService.h">
      <Filter>Header Files\services</Filter>
    </ClInclude>
    <ClInclude Include="src\game.h">
      <Filter>Header Files</Filter>
    </ClInclude>
    <ClInclude Include="src\gl_includes.h">
      <Filter>Header Files</Filter>
    </ClInclude>
    <ClInclude Include="src\MenuTextButton.h">
      <Filter>Header Files\ui</Filter>
    </ClInclude>
    <ClInclude Include="src\Scene.h">
      <Filter>Header Files</Filter>
    </ClInclude>
    <ClInclude Include="src\ScenePart.h">
      <Filter>Source Files</Filter>
    </ClInclude>
    <ClInclude Include="src\ScreenEnum.h">
      <Filter>Header Files\enums</Filter>
    </ClInclude>
    <ClInclude Include="src\ScreenService.h">
      <Filter>Header Files\services</Filter>
    </ClInclude>
    <ClInclude Include="src\SnakePart.h">
      <Filter>Source Files</Filter>
    </ClInclude>
    <ClInclude Include="src\TexturedRextangle.h">
      <Filter>Source Files</Filter>
    </ClInclude>
    <ClInclude Include="src\MainMenuScreen.h">
      <Filter>Header Files\screens</Filter>
    </ClInclude>
    <ClInclude Include="src\GameStateEnum.h">
      <Filter>Header Files\enums</Filter>
    </ClInclude>
    <ClInclude Include="src\GameplayScreen.h">
      <Filter>Header Files\screens</Filter>
    </ClInclude>
    <ClInclude Include="src\controls.hpp">
      <Filter>Source Files</Filter>
    </ClInclude>
    <ClInclude Include="snake.h">
      <Filter>Header Files</Filter>
    </ClInclude>
    <ClInclude Include="snake_head.h">
      <Filter>Header Files</Filter>
    </ClInclude>
  </ItemGroup>
</Project>