<?xml version="1.0" encoding="utf-8"?>
<Project ToolsVersion="4.0" xmlns="http://schemas.microsoft.com/developer/msbuild/2003">
  <ItemGroup>
    <Filter Include="Source Files">
      <UniqueIdentifier>{4FC737F1-C7A5-4376-A066-2A32D752A2FF}</UniqueIdentifier>
      <Extensions>cpp;c;cc;cxx;def;odl;idl;hpj;bat;asm;asmx</Extensions>
    </Filter>
    <Filter Include="Header Files">
      <UniqueIdentifier>{93995380-89BD-4b04-88EB-625FBE52EBFB}</UniqueIdentifier>
      <Extensions>h;hh;hpp;hxx;hm;inl;inc;xsd</Extensions>
    </Filter>
    <Filter Include="Resource Files">
      <UniqueIdentifier>{67DA6AB6-F800-4c08-8B7A-83BB121AAD01}</UniqueIdentifier>
      <Extensions>rc;ico;cur;bmp;dlg;rc2;rct;bin;rgs;gif;jpg;jpeg;jpe;resx;tiff;tif;png;wav;mfcribbon-ms</Extensions>
    </Filter>
    <Filter Include="Header Files\enums">
      <UniqueIdentifier>{ab89a9cd-b4ad-42a4-b408-4a0bacf109e8}</UniqueIdentifier>
    </Filter>
    <Filter Include="Source Files\managers">
      <UniqueIdentifier>{2842fe38-ed30-4499-98d1-58cb9a32c79a}</UniqueIdentifier>
    </Filter>
    <Filter Include="Header Files\managers">
      <UniqueIdentifier>{05a04adf-067c-4fb1-9ea1-d51c53a2062f}</UniqueIdentifier>
    </Filter>
    <Filter Include="Source Files\services">
      <UniqueIdentifier>{60532a14-edf2-4a0d-81ca-bc63c8b984ca}</UniqueIdentifier>
    </Filter>
    <Filter Include="Header Files\services">
      <UniqueIdentifier>{b8fcc274-89b1-4324-9921-3d67fde370e1}</UniqueIdentifier>
    </Filter>
    <Filter Include="Source Files\screens">
      <UniqueIdentifier>{35e53d0a-1586-4731-b0a5-a9aa62a1d478}</UniqueIdentifier>
    </Filter>
    <Filter Include="Source Files\ui">
      <UniqueIdentifier>{98138c99-b20f-4595-bebe-492eb9a0f159}</UniqueIdentifier>
    </Filter>
    <Filter Include="Header Files\ui">
      <UniqueIdentifier>{a89f3fbc-8032-4222-913c-0f8a45c08892}</UniqueIdentifier>
    </Filter>
    <Filter Include="Header Files\screens">
      <UniqueIdentifier>{f4234b70-4359-44b7-845c-8219ec1e5924}</UniqueIdentifier>
    </Filter>
    <Filter Include="Source Files\objects">
      <UniqueIdentifier>{02529d1a-21f1-44f4-af1b-2d6603557b93}</UniqueIdentifier>
    </Filter>
    <Filter Include="Source Files\objects\snake">
      <UniqueIdentifier>{a2be06e5-b19d-42ca-89e3-2acbe850240b}</UniqueIdentifier>
    </Filter>
    <Filter Include="Header Files\objects">
      <UniqueIdentifier>{5fb9e1c7-ca71-449b-b55d-4b200b892e0b}</UniqueIdentifier>
    </Filter>
    <Filter Include="Header Files\objects\snake">
      <UniqueIdentifier>{b5e00ca7-36a6-42ef-8f77-e56a0b8b8c98}</UniqueIdentifier>
    </Filter>
    <Filter Include="Header Files\objects\food">
      <UniqueIdentifier>{52fd5393-e7d6-48f1-b143-abfa4b289d60}</UniqueIdentifier>
    </Filter>
    <Filter Include="Source Files\objects\food">
      <UniqueIdentifier>{e4ee9655-5326-448a-8951-71d31a1a2126}</UniqueIdentifier>
    </Filter>
  </ItemGroup>
  <ItemGroup>
    <ClCompile Include="main.cpp">
      <Filter>Source Files</Filter>
    </ClCompile>
    <ClCompile Include="game.cpp">
      <Filter>Source Files</Filter>
    </ClCompile>
    <ClCompile Include="Scene.cpp">
      <Filter>Source Files</Filter>
    </ClCompile>
    <ClCompile Include="ScenePart.cpp">
      <Filter>Source Files</Filter>
    </ClCompile>
    <ClCompile Include="TexturedRextangle.cpp">
      <Filter>Source Files</Filter>
    </ClCompile>
    <ClCompile Include="AbstractScreen.cpp">
      <Filter>Source Files\screens</Filter>
    </ClCompile>
    <ClCompile Include="GameplayScreen.cpp">
      <Filter>Source Files\screens</Filter>
    </ClCompile>
    <ClCompile Include="MainMenuScreen.cpp">
      <Filter>Source Files\screens</Filter>
    </ClCompile>
    <ClCompile Include="FileService.cpp">
      <Filter>Source Files\services</Filter>
    </ClCompile>
    <ClCompile Include="ControlService.cpp">
      <Filter>Source Files\services</Filter>
    </ClCompile>
    <ClCompile Include="MenuTextButton.cpp">
      <Filter>Source Files\ui</Filter>
    </ClCompile>
    <ClCompile Include="ScreenService.cpp">
      <Filter>Source Files\services</Filter>
    </ClCompile>
    <ClCompile Include="food.cpp">
      <Filter>Source Files\objects\food</Filter>
    </ClCompile>
    <ClCompile Include="snake.cpp">
      <Filter>Source Files\objects\snake</Filter>
    </ClCompile>
    <ClCompile Include="snake_head.cpp">
      <Filter>Source Files\objects\snake</Filter>
    </ClCompile>
    <ClCompile Include="snake_part.cpp">
      <Filter>Source Files\objects\snake</Filter>
    </ClCompile>
    <ClCompile Include="snake_tail.cpp">
      <Filter>Source Files\objects\snake</Filter>
    </ClCompile>
    <ClCompile Include="dack_janiels.cpp">
      <Filter>Source Files\objects\food</Filter>
    </ClCompile>
    <ClCompile Include="coke.cpp">
      <Filter>Source Files\objects\food</Filter>
    </ClCompile>
    <ClCompile Include="collision_manager.cpp">
      <Filter>Source Files</Filter>
    </ClCompile>
    <ClCompile Include="model.cpp">
      <Filter>Source Files\objects</Filter>
    </ClCompile>
  </ItemGroup>
  <ItemGroup>
    <ClInclude Include="game.h">
      <Filter>Header Files</Filter>
    </ClInclude>
    <ClInclude Include="GameStateEnum.h">
      <Filter>Header Files</Filter>
    </ClInclude>
    <ClInclude Include="gl_includes.h">
      <Filter>Header Files</Filter>
    </ClInclude>
    <ClInclude Include="Scene.h">
      <Filter>Header Files</Filter>
    </ClInclude>
    <ClInclude Include="ScenePart.h">
      <Filter>Header Files</Filter>
    </ClInclude>
    <ClInclude Include="ScreenEnum.h">
      <Filter>Header Files</Filter>
    </ClInclude>
    <ClInclude Include="TexturedRextangle.h">
      <Filter>Header Files</Filter>
    </ClInclude>
    <ClInclude Include="GameplayScreen.h">
      <Filter>Header Files\screens</Filter>
    </ClInclude>
    <ClInclude Include="AbstractScreen.h">
      <Filter>Header Files\screens</Filter>
    </ClInclude>
    <ClInclude Include="MainMenuScreen.h">
      <Filter>Header Files\screens</Filter>
    </ClInclude>
    <ClInclude Include="ScreenService.h">
      <Filter>Header Files\services</Filter>
    </ClInclude>
    <ClInclude Include="ControlService.h">
      <Filter>Header Files\services</Filter>
    </ClInclude>
    <ClInclude Include="CameraStateEnum.h">
      <Filter>Header Files\enums</Filter>
    </ClInclude>
    <ClInclude Include="CollisionEnum.h">
      <Filter>Header Files\enums</Filter>
    </ClInclude>
    <ClInclude Include="FileService.h">
      <Filter>Header Files\services</Filter>
    </ClInclude>
    <ClInclude Include="MenuTextButton.h">
      <Filter>Header Files\ui</Filter>
    </ClInclude>
    <ClInclude Include="food.h">
      <Filter>Header Files\objects\food</Filter>
    </ClInclude>
    <ClInclude Include="snake.h">
      <Filter>Header Files\objects\snake</Filter>
    </ClInclude>
    <ClInclude Include="snake_head.h">
      <Filter>Header Files\objects\snake</Filter>
    </ClInclude>
    <ClInclude Include="snake_part.h">
      <Filter>Header Files\objects\snake</Filter>
    </ClInclude>
    <ClInclude Include="snake_tail.h">
      <Filter>Header Files\objects\snake</Filter>
    </ClInclude>
    <ClInclude Include="dack_janiels.h">
      <Filter>Header Files\objects\food</Filter>
    </ClInclude>
    <ClInclude Include="coke.h">
      <Filter>Header Files\objects\food</Filter>
    </ClInclude>
    <ClInclude Include="collision_manager.h">
      <Filter>Header Files</Filter>
    </ClInclude>
    <ClInclude Include="model.h">
      <Filter>Header Files\objects</Filter>
    </ClInclude>
    <ClInclude Include="food_enum.h">
      <Filter>Header Files</Filter>
    </ClInclude>
    <ClInclude Include="FoodInfo.h">
      <Filter>Header Files</Filter>
    </ClInclude>
  </ItemGroup>
</Project>